
Microsoft Visual Studio Solution File, Format Version 12.00
# Visual Studio Version 17
VisualStudioVersion = 17.6.33815.320
MinimumVisualStudioVersion = 10.0.40219.1
Project("{FAE04EC0-301F-11D3-BF4B-00C04F79EFBC}") = "patern CQRS", "patern CQRS\patern CQRS.csproj", "{EA42C951-A6D4-4359-BEBD-6F9A7B9AAEFF}"
EndProject
Global
	GlobalSection(SolutionConfigurationPlatforms) = preSolution
		Debug|Any CPU = Debug|Any CPU
		Release|Any CPU = Release|Any CPU
	EndGlobalSection
	GlobalSection(ProjectConfigurationPlatforms) = postSolution
		{EA42C951-A6D4-4359-BEBD-6F9A7B9AAEFF}.Debug|Any CPU.ActiveCfg = Debug|Any CPU
		{EA42C951-A6D4-4359-BEBD-6F9A7B9AAEFF}.Debug|Any CPU.Build.0 = Debug|Any CPU
		{EA42C951-A6D4-4359-BEBD-6F9A7B9AAEFF}.Release|Any CPU.ActiveCfg = Release|Any CPU
		{EA42C951-A6D4-4359-BEBD-6F9A7B9AAEFF}.Release|Any CPU.Build.0 = Release|Any CPU
	EndGlobalSection
	GlobalSection(SolutionProperties) = preSolution
		HideSolutionNode = FALSE
	EndGlobalSection
	GlobalSection(ExtensibilityGlobals) = postSolution
		SolutionGuid = {A84521E4-6081-43D5-94EF-CFEE5E0A76FA}
	EndGlobalSection
EndGlobal
